github.com/alecharmon/trie v0.1.1 h1:COYlxcYYUNjt7Sr78ATMufRjpDSpZ9QJdBxyenkb20w=
github.com/alecharmon/trie v0.1.1/go.mod h1:E8KgVYIphdr+05Ft+bR+RYXE/bmOUV68Qmpcv7S5/eA=
github.com/dghubble/trie v0.0.0-20190708005417-09498fbfbadb h1:Vg7QlQEvBgOvB+ReUTG0wnqM1VatG2ZOvPB1ZVB70HM=
github.com/dghubble/trie v0.0.0-20190708005417-09498fbfbadb/go.mod h1:xNBeoT4V92/aNvuC3IJ2g59uxuKP4/kzvkpoHrb7v4A=
